{
  "nodes": {
    "nixpkgs": {
      "locked": {
        "lastModified": 1735904748,
        "narHash": "sha256-VDO85IOBUnUdKPG+5+XQYtxdCahNL3Gu4cWf9uh/XrQ=",
        "owner": "NixOS",
        "repo": "nixpkgs",
        "rev": "01463b17bc667ddb8c2b2126838309e8fd2eee0c",
        "type": "github"
      },
      "original": {
        "owner": "NixOS",
        "repo": "nixpkgs",
        "type": "github"
      }
    },
    "root": {
      "inputs": {
        "nixpkgs": "nixpkgs"
      }
    }
  },
  "root": "root",
  "version": 7
}
